Microsoft Visual Studio Solution File, Format Version 12.00
# Visual Studio Version 17
VisualStudioVersion = 17.5.2.0
MinimumVisualStudioVersion = 10.0.40219.1
Project("{FAE04EC0-301F-11D3-BF4B-00C04F79EFBC}") = "SafeVaultAPI", "SafeVaultAPI\SafeVaultAPI.csproj", "{031E43CB-1E04-ED99-96EA-66D32D9E73AA}"
EndProject
Global
	GlobalSection(SolutionConfigurationPlatforms) = preSolution
		Debug|Any CPU = Debug|Any CPU
		Release|Any CPU = Release|Any CPU
	EndGlobalSection
	GlobalSection(ProjectConfigurationPlatforms) = postSolution
		{031E43CB-1E04-ED99-96EA-66D32D9E73AA}.Debug|Any CPU.ActiveCfg = Debug|Any CPU
		{031E43CB-1E04-ED99-96EA-66D32D9E73AA}.Debug|Any CPU.Build.0 = Debug|Any CPU
		{031E43CB-1E04-ED99-96EA-66D32D9E73AA}.Release|Any CPU.ActiveCfg = Release|Any CPU
		{031E43CB-1E04-ED99-96EA-66D32D9E73AA}.Release|Any CPU.Build.0 = Release|Any CPU
	EndGlobalSection
	GlobalSection(SolutionProperties) = preSolution
		HideSolutionNode = FALSE
	EndGlobalSection
	GlobalSection(ExtensibilityGlobals) = postSolution
		SolutionGuid = {BDDE1336-6C3D-4661-9D7A-A5018C4CDDFD}
	EndGlobalSection
EndGlobal
